
Microsoft Visual Studio Solution File, Format Version 12.00
# Visual Studio 14
VisualStudioVersion = 14.0.25420.1
MinimumVisualStudioVersion = 10.0.40219.1
Project("{2150E333-8FDC-42A3-9474-1A3956D46DE8}") = "Misc", "Misc", "{6206AB72-E332-4C11-8FB0-344E74F12C76}"
	ProjectSection(SolutionItems) = preProject
		appveyor.yml = appveyor.yml
		build.cmd = build.cmd
		HISTORY.md = HISTORY.md
		README.md = README.md
		TODO.md = TODO.md
	EndProjectSection
EndProject
Project("{2150E333-8FDC-42A3-9474-1A3956D46DE8}") = "Src", "Src", "{D3037DF3-EFC9-461D-81AD-7C1238D0F9D7}"
EndProject
Project("{2150E333-8FDC-42A3-9474-1A3956D46DE8}") = "Tests", "Tests", "{E9AD626D-B0C7-4157-A1CF-1B44F12218A8}"
EndProject
Project("{FAE04EC0-301F-11D3-BF4B-00C04F79EFBC}") = "Shuhari.Framework.Common", "Shuhari.Framework.Common\Shuhari.Framework.Common.csproj", "{D3AD108A-1EBB-43CA-9854-32CEB2FCBA7F}"
EndProject
Project("{FAE04EC0-301F-11D3-BF4B-00C04F79EFBC}") = "Shuhari.Framework.Web.Mvc", "Shuhari.Framework.Web.Mvc\Shuhari.Framework.Web.Mvc.csproj", "{E84902CF-A6B5-4130-B832-0FD80F4017E6}"
EndProject
Project("{FAE04EC0-301F-11D3-BF4B-00C04F79EFBC}") = "Shuhari.Framework.Testing.Common", "Shuhari.Framework.Testing.Common\Shuhari.Framework.Testing.Common.csproj", "{30B90498-913B-41A9-9022-E5DF25C59E37}"
EndProject
Project("{FAE04EC0-301F-11D3-BF4B-00C04F79EFBC}") = "Shuhari.Framework.UnitTests", "Shuhari.Framework.UnitTests\Shuhari.Framework.UnitTests.csproj", "{E11C3058-1D76-402D-B663-19370F006BB2}"
EndProject
Project("{FAE04EC0-301F-11D3-BF4B-00C04F79EFBC}") = "Shuhari.Framework.IntegrationTests", "Shuhari.Framework.IntegrationTests\Shuhari.Framework.IntegrationTests.csproj", "{6838D8D2-1E01-4BF4-8E06-568F42EC5B59}"
EndProject
Project("{FAE04EC0-301F-11D3-BF4B-00C04F79EFBC}") = "Shuhari.Framework.Wpf", "Shuhari.Framework.Wpf\Shuhari.Framework.Wpf.csproj", "{F42283DA-F5DC-4F3E-89B8-E5D0E25043C6}"
EndProject
Project("{FAE04EC0-301F-11D3-BF4B-00C04F79EFBC}") = "Shuhari.Framework.Testing.Mvc", "Shuhari.Framework.Testing.Mvc\Shuhari.Framework.Testing.Mvc.csproj", "{ABBD3C1F-977B-460A-8B9D-9D6FE0D39EDA}"
EndProject
Project("{FAE04EC0-301F-11D3-BF4B-00C04F79EFBC}") = "Shuhari.Framework.Wpf.GuiTests", "Shuhari.Framework.Wpf.GuiTests\Shuhari.Framework.Wpf.GuiTests.csproj", "{85C583F4-EE17-4C6E-87D8-8F7491AEFEB6}"
EndProject
Global
	GlobalSection(SolutionConfigurationPlatforms) = preSolution
		Debug|Any CPU = Debug|Any CPU
		Release|Any CPU = Release|Any CPU
	EndGlobalSection
	GlobalSection(ProjectConfigurationPlatforms) = postSolution
		{D3AD108A-1EBB-43CA-9854-32CEB2FCBA7F}.Debug|Any CPU.ActiveCfg = Debug|Any CPU
		{D3AD108A-1EBB-43CA-9854-32CEB2FCBA7F}.Debug|Any CPU.Build.0 = Debug|Any CPU
		{D3AD108A-1EBB-43CA-9854-32CEB2FCBA7F}.Release|Any CPU.ActiveCfg = Release|Any CPU
		{D3AD108A-1EBB-43CA-9854-32CEB2FCBA7F}.Release|Any CPU.Build.0 = Release|Any CPU
		{E84902CF-A6B5-4130-B832-0FD80F4017E6}.Debug|Any CPU.ActiveCfg = Debug|Any CPU
		{E84902CF-A6B5-4130-B832-0FD80F4017E6}.Debug|Any CPU.Build.0 = Debug|Any CPU
		{E84902CF-A6B5-4130-B832-0FD80F4017E6}.Release|Any CPU.ActiveCfg = Release|Any CPU
		{E84902CF-A6B5-4130-B832-0FD80F4017E6}.Release|Any CPU.Build.0 = Release|Any CPU
		{30B90498-913B-41A9-9022-E5DF25C59E37}.Debug|Any CPU.ActiveCfg = Debug|Any CPU
		{30B90498-913B-41A9-9022-E5DF25C59E37}.Debug|Any CPU.Build.0 = Debug|Any CPU
		{30B90498-913B-41A9-9022-E5DF25C59E37}.Release|Any CPU.ActiveCfg = Release|Any CPU
		{30B90498-913B-41A9-9022-E5DF25C59E37}.Release|Any CPU.Build.0 = Release|Any CPU
		{E11C3058-1D76-402D-B663-19370F006BB2}.Debug|Any CPU.ActiveCfg = Debug|Any CPU
		{E11C3058-1D76-402D-B663-19370F006BB2}.Debug|Any CPU.Build.0 = Debug|Any CPU
		{E11C3058-1D76-402D-B663-19370F006BB2}.Release|Any CPU.ActiveCfg = Release|Any CPU
		{E11C3058-1D76-402D-B663-19370F006BB2}.Release|Any CPU.Build.0 = Release|Any CPU
		{6838D8D2-1E01-4BF4-8E06-568F42EC5B59}.Debug|Any CPU.ActiveCfg = Debug|Any CPU
		{6838D8D2-1E01-4BF4-8E06-568F42EC5B59}.Debug|Any CPU.Build.0 = Debug|Any CPU
		{6838D8D2-1E01-4BF4-8E06-568F42EC5B59}.Release|Any CPU.ActiveCfg = Release|Any CPU
		{6838D8D2-1E01-4BF4-8E06-568F42EC5B59}.Release|Any CPU.Build.0 = Release|Any CPU
		{F42283DA-F5DC-4F3E-89B8-E5D0E25043C6}.Debug|Any CPU.ActiveCfg = Debug|Any CPU
		{F42283DA-F5DC-4F3E-89B8-E5D0E25043C6}.Debug|Any CPU.Build.0 = Debug|Any CPU
		{F42283DA-F5DC-4F3E-89B8-E5D0E25043C6}.Release|Any CPU.ActiveCfg = Release|Any CPU
		{F42283DA-F5DC-4F3E-89B8-E5D0E25043C6}.Release|Any CPU.Build.0 = Release|Any CPU
		{ABBD3C1F-977B-460A-8B9D-9D6FE0D39EDA}.Debug|Any CPU.ActiveCfg = Debug|Any CPU
		{ABBD3C1F-977B-460A-8B9D-9D6FE0D39EDA}.Debug|Any CPU.Build.0 = Debug|Any CPU
		{ABBD3C1F-977B-460A-8B9D-9D6FE0D39EDA}.Release|Any CPU.ActiveCfg = Release|Any CPU
		{ABBD3C1F-977B-460A-8B9D-9D6FE0D39EDA}.Release|Any CPU.Build.0 = Release|Any CPU
		{85C583F4-EE17-4C6E-87D8-8F7491AEFEB6}.Debug|Any CPU.ActiveCfg = Debug|Any CPU
		{85C583F4-EE17-4C6E-87D8-8F7491AEFEB6}.Debug|Any CPU.Build.0 = Debug|Any CPU
		{85C583F4-EE17-4C6E-87D8-8F7491AEFEB6}.Release|Any CPU.ActiveCfg = Release|Any CPU
		{85C583F4-EE17-4C6E-87D8-8F7491AEFEB6}.Release|Any CPU.Build.0 = Release|Any CPU
	EndGlobalSection
	GlobalSection(SolutionProperties) = preSolution
		HideSolutionNode = FALSE
	EndGlobalSection
	GlobalSection(NestedProjects) = preSolution
		{D3AD108A-1EBB-43CA-9854-32CEB2FCBA7F} = {D3037DF3-EFC9-461D-81AD-7C1238D0F9D7}
		{E84902CF-A6B5-4130-B832-0FD80F4017E6} = {D3037DF3-EFC9-461D-81AD-7C1238D0F9D7}
		{30B90498-913B-41A9-9022-E5DF25C59E37} = {D3037DF3-EFC9-461D-81AD-7C1238D0F9D7}
		{E11C3058-1D76-402D-B663-19370F006BB2} = {E9AD626D-B0C7-4157-A1CF-1B44F12218A8}
		{6838D8D2-1E01-4BF4-8E06-568F42EC5B59} = {E9AD626D-B0C7-4157-A1CF-1B44F12218A8}
		{F42283DA-F5DC-4F3E-89B8-E5D0E25043C6} = {D3037DF3-EFC9-461D-81AD-7C1238D0F9D7}
		{ABBD3C1F-977B-460A-8B9D-9D6FE0D39EDA} = {D3037DF3-EFC9-461D-81AD-7C1238D0F9D7}
		{85C583F4-EE17-4C6E-87D8-8F7491AEFEB6} = {E9AD626D-B0C7-4157-A1CF-1B44F12218A8}
	EndGlobalSection
EndGlobal
